
Microsoft Visual Studio Solution File, Format Version 12.00
# Visual Studio Version 17
VisualStudioVersion = 17.3.32901.215
MinimumVisualStudioVersion = 10.0.40219.1
Project("{FAE04EC0-301F-11D3-BF4B-00C04F79EFBC}") = "ClassroomWork-1 (10.10.22)", "ClassroomWork-1 (10.10.22)\ClassroomWork-1 (10.10.22).csproj", "{7D859398-952C-4203-AF19-134D50DC8625}"
EndProject
Global
	GlobalSection(SolutionConfigurationPlatforms) = preSolution
		Debug|Any CPU = Debug|Any CPU
		Release|Any CPU = Release|Any CPU
	EndGlobalSection
	GlobalSection(ProjectConfigurationPlatforms) = postSolution
		{7D859398-952C-4203-AF19-134D50DC8625}.Debug|Any CPU.ActiveCfg = Debug|Any CPU
		{7D859398-952C-4203-AF19-134D50DC8625}.Debug|Any CPU.Build.0 = Debug|Any CPU
		{7D859398-952C-4203-AF19-134D50DC8625}.Release|Any CPU.ActiveCfg = Release|Any CPU
		{7D859398-952C-4203-AF19-134D50DC8625}.Release|Any CPU.Build.0 = Release|Any CPU
	EndGlobalSection
	GlobalSection(SolutionProperties) = preSolution
		HideSolutionNode = FALSE
	EndGlobalSection
	GlobalSection(ExtensibilityGlobals) = postSolution
		SolutionGuid = {E624E340-68B1-43A1-84DB-5F77A302E9CC}
	EndGlobalSection
EndGlobal
